PODS:
  - TDRemoteConfig (1.0.0):
    - ThinkingDataCore (>= 1.1.0)
    - ThinkingSDK (>= 3.1.0-beta.1)
  - ThinkingDataCore (1.1.0):
    - ThinkingDataCore/Main (= 1.1.0)
  - ThinkingDataCore/iOS (1.1.0)
  - ThinkingDataCore/Main (1.1.0):
    - ThinkingDataCore/iOS
    - ThinkingDataCore/OSX
  - ThinkingSDK (3.1.0-beta.1):
    - ThinkingSDK/Main (= 3.1.0-beta.1)
  - ThinkingSDK/iOS (3.1.0-beta.1):
    - ThinkingDataCore (>= 1.1.0)
  - ThinkingSDK/Main (3.1.0-beta.1):
    - ThinkingSDK/iOS
    - ThinkingSDK/OSX

DEPENDENCIES:
  - TDRemoteConfig (from `../`)

SPEC REPOS:
  trunk:
    - ThinkingDataCore
    - ThinkingSDK

EXTERNAL SOURCES:
  TDRemoteConfig:
    :path: "../"

SPEC CHECKSUMS:
  TDRemoteConfig: ea64bc2f110d2af475e7890cc4008efceed58dc5
  ThinkingDataCore: 95b17863c31f70c0db600a5019ffb70a76613e5f
  ThinkingSDK: 3fc845b73d146e9b25bf5b2f597cadf41edf3cac

PODFILE CHECKSUM: 1770f74329e4c02e78511545848de2f55c4bf553

COCOAPODS: 1.15.2
